
Microsoft Visual Studio Solution File, Format Version 12.00
# Visual Studio Version 16
VisualStudioVersion = 16.0.30621.155
MinimumVisualStudioVersion = 10.0.40219.1
Project("{FAE04EC0-301F-11D3-BF4B-00C04F79EFBC}") = "TcpServer", "TcpServer\TcpServer.csproj", "{E52F53EE-FFEA-41AC-A09B-9C2C7FA34A48}"
EndProject
Project("{FAE04EC0-301F-11D3-BF4B-00C04F79EFBC}") = "TcpServerLibrary", "TcpServerLibrary\TcpServerLibrary.csproj", "{32CAAA83-012C-41DF-B832-8B99BBEC6066}"
EndProject
Project("{FAE04EC0-301F-11D3-BF4B-00C04F79EFBC}") = "ServerTests", "ServerTests\ServerTests.csproj", "{DC8FDFE8-0EF7-40B0-A09E-AC06C2F1EDF1}"
EndProject
Project("{FAE04EC0-301F-11D3-BF4B-00C04F79EFBC}") = "Client", "Client\Client.csproj", "{EE9BE65C-4D57-451B-951E-67EE512BE2FA}"
EndProject
Project("{FAE04EC0-301F-11D3-BF4B-00C04F79EFBC}") = "ClientLibrary", "ClientLibrary\ClientLibrary.csproj", "{8F921F02-D8CE-41A1-8FCA-0C019902B9D8}"
EndProject
Project("{FAE04EC0-301F-11D3-BF4B-00C04F79EFBC}") = "ClientGui", "ClientGui\ClientGui.csproj", "{BDAD44AE-FAE3-4E16-8ADE-5E547A6F4ADD}"
EndProject
Global
	GlobalSection(SolutionConfigurationPlatforms) = preSolution
		Both|Any CPU = Both|Any CPU
		Debug|Any CPU = Debug|Any CPU
		Release|Any CPU = Release|Any CPU
	EndGlobalSection
	GlobalSection(ProjectConfigurationPlatforms) = postSolution
		{E52F53EE-FFEA-41AC-A09B-9C2C7FA34A48}.Both|Any CPU.ActiveCfg = Release|Any CPU
		{E52F53EE-FFEA-41AC-A09B-9C2C7FA34A48}.Both|Any CPU.Build.0 = Release|Any CPU
		{E52F53EE-FFEA-41AC-A09B-9C2C7FA34A48}.Debug|Any CPU.ActiveCfg = Debug|Any CPU
		{E52F53EE-FFEA-41AC-A09B-9C2C7FA34A48}.Debug|Any CPU.Build.0 = Debug|Any CPU
		{E52F53EE-FFEA-41AC-A09B-9C2C7FA34A48}.Release|Any CPU.ActiveCfg = Release|Any CPU
		{E52F53EE-FFEA-41AC-A09B-9C2C7FA34A48}.Release|Any CPU.Build.0 = Release|Any CPU
		{32CAAA83-012C-41DF-B832-8B99BBEC6066}.Both|Any CPU.ActiveCfg = Release|Any CPU
		{32CAAA83-012C-41DF-B832-8B99BBEC6066}.Both|Any CPU.Build.0 = Release|Any CPU
		{32CAAA83-012C-41DF-B832-8B99BBEC6066}.Debug|Any CPU.ActiveCfg = Debug|Any CPU
		{32CAAA83-012C-41DF-B832-8B99BBEC6066}.Debug|Any CPU.Build.0 = Debug|Any CPU
		{32CAAA83-012C-41DF-B832-8B99BBEC6066}.Release|Any CPU.ActiveCfg = Release|Any CPU
		{32CAAA83-012C-41DF-B832-8B99BBEC6066}.Release|Any CPU.Build.0 = Release|Any CPU
		{DC8FDFE8-0EF7-40B0-A09E-AC06C2F1EDF1}.Both|Any CPU.ActiveCfg = Release|Any CPU
		{DC8FDFE8-0EF7-40B0-A09E-AC06C2F1EDF1}.Both|Any CPU.Build.0 = Release|Any CPU
		{DC8FDFE8-0EF7-40B0-A09E-AC06C2F1EDF1}.Debug|Any CPU.ActiveCfg = Debug|Any CPU
		{DC8FDFE8-0EF7-40B0-A09E-AC06C2F1EDF1}.Debug|Any CPU.Build.0 = Debug|Any CPU
		{DC8FDFE8-0EF7-40B0-A09E-AC06C2F1EDF1}.Release|Any CPU.ActiveCfg = Release|Any CPU
		{DC8FDFE8-0EF7-40B0-A09E-AC06C2F1EDF1}.Release|Any CPU.Build.0 = Release|Any CPU
		{EE9BE65C-4D57-451B-951E-67EE512BE2FA}.Both|Any CPU.ActiveCfg = Release|Any CPU
		{EE9BE65C-4D57-451B-951E-67EE512BE2FA}.Both|Any CPU.Build.0 = Release|Any CPU
		{EE9BE65C-4D57-451B-951E-67EE512BE2FA}.Debug|Any CPU.ActiveCfg = Debug|Any CPU
		{EE9BE65C-4D57-451B-951E-67EE512BE2FA}.Debug|Any CPU.Build.0 = Debug|Any CPU
		{EE9BE65C-4D57-451B-951E-67EE512BE2FA}.Release|Any CPU.ActiveCfg = Release|Any CPU
		{EE9BE65C-4D57-451B-951E-67EE512BE2FA}.Release|Any CPU.Build.0 = Release|Any CPU
		{8F921F02-D8CE-41A1-8FCA-0C019902B9D8}.Both|Any CPU.ActiveCfg = Release|Any CPU
		{8F921F02-D8CE-41A1-8FCA-0C019902B9D8}.Both|Any CPU.Build.0 = Release|Any CPU
		{8F921F02-D8CE-41A1-8FCA-0C019902B9D8}.Debug|Any CPU.ActiveCfg = Debug|Any CPU
		{8F921F02-D8CE-41A1-8FCA-0C019902B9D8}.Debug|Any CPU.Build.0 = Debug|Any CPU
		{8F921F02-D8CE-41A1-8FCA-0C019902B9D8}.Release|Any CPU.ActiveCfg = Release|Any CPU
		{8F921F02-D8CE-41A1-8FCA-0C019902B9D8}.Release|Any CPU.Build.0 = Release|Any CPU
		{BDAD44AE-FAE3-4E16-8ADE-5E547A6F4ADD}.Both|Any CPU.ActiveCfg = Debug|Any CPU
		{BDAD44AE-FAE3-4E16-8ADE-5E547A6F4ADD}.Both|Any CPU.Build.0 = Debug|Any CPU
		{BDAD44AE-FAE3-4E16-8ADE-5E547A6F4ADD}.Debug|Any CPU.ActiveCfg = Debug|Any CPU
		{BDAD44AE-FAE3-4E16-8ADE-5E547A6F4ADD}.Debug|Any CPU.Build.0 = Debug|Any CPU
		{BDAD44AE-FAE3-4E16-8ADE-5E547A6F4ADD}.Release|Any CPU.ActiveCfg = Release|Any CPU
		{BDAD44AE-FAE3-4E16-8ADE-5E547A6F4ADD}.Release|Any CPU.Build.0 = Release|Any CPU
	EndGlobalSection
	GlobalSection(SolutionProperties) = preSolution
		HideSolutionNode = FALSE
	EndGlobalSection
	GlobalSection(ExtensibilityGlobals) = postSolution
		SolutionGuid = {68CA6FF1-5D59-427B-AFD9-EBF6032AC69A}
	EndGlobalSection
EndGlobal
